
Microsoft Visual Studio Solution File, Format Version 12.00
# Visual Studio 2012
Project("{8BC9CEB8-8B4A-11D0-8D11-00A0C91BC942}") = "Theme2-1", "Theme2-1\Theme2-1.vcxproj", "{58C3131F-827C-46BE-91ED-D8449D1967B5}"
EndProject
Project("{8BC9CEB8-8B4A-11D0-8D11-00A0C91BC942}") = "Theme2-2", "Theme2-2\Theme2-2.vcxproj", "{7A07759E-99C8-4AC0-8C0A-ED729AD0CB57}"
EndProject
Project("{8BC9CEB8-8B4A-11D0-8D11-00A0C91BC942}") = "Theme2-3", "Theme2-3\Theme2-3.vcxproj", "{F528C897-345E-41E0-9A6F-FE3A865F5B6B}"
EndProject
Project("{8BC9CEB8-8B4A-11D0-8D11-00A0C91BC942}") = "Theme2-4", "Theme2-4\Theme2-4.vcxproj", "{CFFBA75C-7293-4EF0-B116-41A04E4D8EEB}"
EndProject
Project("{8BC9CEB8-8B4A-11D0-8D11-00A0C91BC942}") = "Theme2-5", "Theme2-5\Theme2-5.vcxproj", "{6CF97C9A-68C8-49DE-BD8B-A38013174F9A}"
EndProject
Global
	GlobalSection(SolutionConfigurationPlatforms) = preSolution
		Debug|Win32 = Debug|Win32
		Release|Win32 = Release|Win32
	EndGlobalSection
	GlobalSection(ProjectConfigurationPlatforms) = postSolution
		{58C3131F-827C-46BE-91ED-D8449D1967B5}.Debug|Win32.ActiveCfg = Debug|Win32
		{58C3131F-827C-46BE-91ED-D8449D1967B5}.Debug|Win32.Build.0 = Debug|Win32
		{58C3131F-827C-46BE-91ED-D8449D1967B5}.Release|Win32.ActiveCfg = Release|Win32
		{58C3131F-827C-46BE-91ED-D8449D1967B5}.Release|Win32.Build.0 = Release|Win32
		{7A07759E-99C8-4AC0-8C0A-ED729AD0CB57}.Debug|Win32.ActiveCfg = Debug|Win32
		{7A07759E-99C8-4AC0-8C0A-ED729AD0CB57}.Debug|Win32.Build.0 = Debug|Win32
		{7A07759E-99C8-4AC0-8C0A-ED729AD0CB57}.Release|Win32.ActiveCfg = Release|Win32
		{7A07759E-99C8-4AC0-8C0A-ED729AD0CB57}.Release|Win32.Build.0 = Release|Win32
		{F528C897-345E-41E0-9A6F-FE3A865F5B6B}.Debug|Win32.ActiveCfg = Debug|Win32
		{F528C897-345E-41E0-9A6F-FE3A865F5B6B}.Debug|Win32.Build.0 = Debug|Win32
		{F528C897-345E-41E0-9A6F-FE3A865F5B6B}.Release|Win32.ActiveCfg = Release|Win32
		{F528C897-345E-41E0-9A6F-FE3A865F5B6B}.Release|Win32.Build.0 = Release|Win32
		{CFFBA75C-7293-4EF0-B116-41A04E4D8EEB}.Debug|Win32.ActiveCfg = Debug|Win32
		{CFFBA75C-7293-4EF0-B116-41A04E4D8EEB}.Debug|Win32.Build.0 = Debug|Win32
		{CFFBA75C-7293-4EF0-B116-41A04E4D8EEB}.Release|Win32.ActiveCfg = Release|Win32
		{CFFBA75C-7293-4EF0-B116-41A04E4D8EEB}.Release|Win32.Build.0 = Release|Win32
		{6CF97C9A-68C8-49DE-BD8B-A38013174F9A}.Debug|Win32.ActiveCfg = Debug|Win32
		{6CF97C9A-68C8-49DE-BD8B-A38013174F9A}.Debug|Win32.Build.0 = Debug|Win32
		{6CF97C9A-68C8-49DE-BD8B-A38013174F9A}.Release|Win32.ActiveCfg = Release|Win32
		{6CF97C9A-68C8-49DE-BD8B-A38013174F9A}.Release|Win32.Build.0 = Release|Win32
	EndGlobalSection
	GlobalSection(SolutionProperties) = preSolution
		HideSolutionNode = FALSE
	EndGlobalSection
EndGlobal
