
Microsoft Visual Studio Solution File, Format Version 12.00
# Visual Studio 2012
Project("{8BC9CEB8-8B4A-11D0-8D11-00A0C91BC942}") = "Q1", "Q1\Q1.vcxproj", "{9E022C39-B039-41CE-BD74-AA6ABF3D0892}"
EndProject
Project("{8BC9CEB8-8B4A-11D0-8D11-00A0C91BC942}") = "Q2", "Q2\Q2.vcxproj", "{0B19E7E5-9D64-4DF0-B78E-B754E274CAB2}"
EndProject
Project("{8BC9CEB8-8B4A-11D0-8D11-00A0C91BC942}") = "Q3", "Q3\Q3.vcxproj", "{6FA48522-6C36-4AB1-B950-55E2F12252B4}"
EndProject
Project("{8BC9CEB8-8B4A-11D0-8D11-00A0C91BC942}") = "Q4", "Q4\Q4.vcxproj", "{C3FEFC3D-BC82-4B3E-8048-961819A0AD01}"
EndProject
Project("{8BC9CEB8-8B4A-11D0-8D11-00A0C91BC942}") = "EX1", "EX1\EX1.vcxproj", "{DB9CC7F9-FA79-467F-B395-F80260069206}"
EndProject
Project("{8BC9CEB8-8B4A-11D0-8D11-00A0C91BC942}") = "EX2", "EX2\EX2.vcxproj", "{81962764-4479-4F0F-9A83-D2ACD73F669D}"
EndProject
Project("{8BC9CEB8-8B4A-11D0-8D11-00A0C91BC942}") = "EX3", "EX3\EX3.vcxproj", "{2ED99FDA-A778-4775-9DC3-076214A5DE59}"
EndProject
Global
	GlobalSection(SolutionConfigurationPlatforms) = preSolution
		Debug|Win32 = Debug|Win32
		Release|Win32 = Release|Win32
	EndGlobalSection
	GlobalSection(ProjectConfigurationPlatforms) = postSolution
		{9E022C39-B039-41CE-BD74-AA6ABF3D0892}.Debug|Win32.ActiveCfg = Debug|Win32
		{9E022C39-B039-41CE-BD74-AA6ABF3D0892}.Debug|Win32.Build.0 = Debug|Win32
		{9E022C39-B039-41CE-BD74-AA6ABF3D0892}.Release|Win32.ActiveCfg = Release|Win32
		{9E022C39-B039-41CE-BD74-AA6ABF3D0892}.Release|Win32.Build.0 = Release|Win32
		{0B19E7E5-9D64-4DF0-B78E-B754E274CAB2}.Debug|Win32.ActiveCfg = Debug|Win32
		{0B19E7E5-9D64-4DF0-B78E-B754E274CAB2}.Debug|Win32.Build.0 = Debug|Win32
		{0B19E7E5-9D64-4DF0-B78E-B754E274CAB2}.Release|Win32.ActiveCfg = Release|Win32
		{0B19E7E5-9D64-4DF0-B78E-B754E274CAB2}.Release|Win32.Build.0 = Release|Win32
		{6FA48522-6C36-4AB1-B950-55E2F12252B4}.Debug|Win32.ActiveCfg = Debug|Win32
		{6FA48522-6C36-4AB1-B950-55E2F12252B4}.Debug|Win32.Build.0 = Debug|Win32
		{6FA48522-6C36-4AB1-B950-55E2F12252B4}.Release|Win32.ActiveCfg = Release|Win32
		{6FA48522-6C36-4AB1-B950-55E2F12252B4}.Release|Win32.Build.0 = Release|Win32
		{C3FEFC3D-BC82-4B3E-8048-961819A0AD01}.Debug|Win32.ActiveCfg = Debug|Win32
		{C3FEFC3D-BC82-4B3E-8048-961819A0AD01}.Debug|Win32.Build.0 = Debug|Win32
		{C3FEFC3D-BC82-4B3E-8048-961819A0AD01}.Release|Win32.ActiveCfg = Release|Win32
		{C3FEFC3D-BC82-4B3E-8048-961819A0AD01}.Release|Win32.Build.0 = Release|Win32
		{DB9CC7F9-FA79-467F-B395-F80260069206}.Debug|Win32.ActiveCfg = Debug|Win32
		{DB9CC7F9-FA79-467F-B395-F80260069206}.Debug|Win32.Build.0 = Debug|Win32
		{DB9CC7F9-FA79-467F-B395-F80260069206}.Release|Win32.ActiveCfg = Release|Win32
		{DB9CC7F9-FA79-467F-B395-F80260069206}.Release|Win32.Build.0 = Release|Win32
		{81962764-4479-4F0F-9A83-D2ACD73F669D}.Debug|Win32.ActiveCfg = Debug|Win32
		{81962764-4479-4F0F-9A83-D2ACD73F669D}.Debug|Win32.Build.0 = Debug|Win32
		{81962764-4479-4F0F-9A83-D2ACD73F669D}.Release|Win32.ActiveCfg = Release|Win32
		{81962764-4479-4F0F-9A83-D2ACD73F669D}.Release|Win32.Build.0 = Release|Win32
		{2ED99FDA-A778-4775-9DC3-076214A5DE59}.Debug|Win32.ActiveCfg = Debug|Win32
		{2ED99FDA-A778-4775-9DC3-076214A5DE59}.Debug|Win32.Build.0 = Debug|Win32
		{2ED99FDA-A778-4775-9DC3-076214A5DE59}.Release|Win32.ActiveCfg = Release|Win32
		{2ED99FDA-A778-4775-9DC3-076214A5DE59}.Release|Win32.Build.0 = Release|Win32
	EndGlobalSection
	GlobalSection(SolutionProperties) = preSolution
		HideSolutionNode = FALSE
	EndGlobalSection
EndGlobal
